
Microsoft Visual Studio Solution File, Format Version 12.00
# Visual Studio Version 16
VisualStudioVersion = 16.0.29613.14
MinimumVisualStudioVersion = 10.0.40219.1
Project("{FAE04EC0-301F-11D3-BF4B-00C04F79EFBC}") = "ModBrowser", "ModBrowser.csproj", "{B74FE5FF-7AD6-4C97-97DE-DE5C5E5B12A6}"
EndProject
Global
	GlobalSection(SolutionConfigurationPlatforms) = preSolution
		Debug|Any CPU = Debug|Any CPU
		Release|Any CPU = Release|Any CPU
	EndGlobalSection
	GlobalSection(ProjectConfigurationPlatforms) = postSolution
		{B74FE5FF-7AD6-4C97-97DE-DE5C5E5B12A6}.Debug|Any CPU.ActiveCfg = Debug|Any CPU
		{B74FE5FF-7AD6-4C97-97DE-DE5C5E5B12A6}.Debug|Any CPU.Build.0 = Debug|Any CPU
		{B74FE5FF-7AD6-4C97-97DE-DE5C5E5B12A6}.Release|Any CPU.ActiveCfg = Release|Any CPU
		{B74FE5FF-7AD6-4C97-97DE-DE5C5E5B12A6}.Release|Any CPU.Build.0 = Release|Any CPU
	EndGlobalSection
	GlobalSection(SolutionProperties) = preSolution
		HideSolutionNode = FALSE
	EndGlobalSection
	GlobalSection(ExtensibilityGlobals) = postSolution
		SolutionGuid = {59D12A3C-A0A9-4408-8362-6D11EB58C422}
	EndGlobalSection
EndGlobal
