
Microsoft Visual Studio Solution File, Format Version 12.00
# Visual Studio Version 16
VisualStudioVersion = 16.0.29613.14
MinimumVisualStudioVersion = 10.0.40219.1
Project("{FAE04EC0-301F-11D3-BF4B-00C04F79EFBC}") = "ModBrowser", "ModBrowser.csproj", "{3E291A05-278D-40B2-89E6-16316B07E884}"
EndProject
Global
	GlobalSection(SolutionConfigurationPlatforms) = preSolution
		Debug|Any CPU = Debug|Any CPU
		Release|Any CPU = Release|Any CPU
	EndGlobalSection
	GlobalSection(ProjectConfigurationPlatforms) = postSolution
		{3E291A05-278D-40B2-89E6-16316B07E884}.Debug|Any CPU.ActiveCfg = Debug|Any CPU
		{3E291A05-278D-40B2-89E6-16316B07E884}.Debug|Any CPU.Build.0 = Debug|Any CPU
		{3E291A05-278D-40B2-89E6-16316B07E884}.Release|Any CPU.ActiveCfg = Release|Any CPU
		{3E291A05-278D-40B2-89E6-16316B07E884}.Release|Any CPU.Build.0 = Release|Any CPU
	EndGlobalSection
	GlobalSection(SolutionProperties) = preSolution
		HideSolutionNode = FALSE
	EndGlobalSection
	GlobalSection(ExtensibilityGlobals) = postSolution
		SolutionGuid = {259A6EFB-44CF-40E9-BC7A-CFE9A27F432F}
	EndGlobalSection
EndGlobal
